
Microsoft Visual Studio Solution File, Format Version 12.00
# Visual Studio Version 17
VisualStudioVersion = 17.14.36127.28
MinimumVisualStudioVersion = 10.0.40219.1
Project("{FAE04EC0-301F-11D3-BF4B-00C04F79EFBC}") = "CapstoneProject", "CapstoneProject\CapstoneProject.csproj", "{894F8BE0-CBFA-4275-B6B7-EC24F347939C}"
EndProject
Global
	GlobalSection(SolutionConfigurationPlatforms) = preSolution
		Debug|Any CPU = Debug|Any CPU
		Release|Any CPU = Release|Any CPU
	EndGlobalSection
	GlobalSection(ProjectConfigurationPlatforms) = postSolution
		{894F8BE0-CBFA-4275-B6B7-EC24F347939C}.Debug|Any CPU.ActiveCfg = Debug|Any CPU
		{894F8BE0-CBFA-4275-B6B7-EC24F347939C}.Debug|Any CPU.Build.0 = Debug|Any CPU
		{894F8BE0-CBFA-4275-B6B7-EC24F347939C}.Release|Any CPU.ActiveCfg = Release|Any CPU
		{894F8BE0-CBFA-4275-B6B7-EC24F347939C}.Release|Any CPU.Build.0 = Release|Any CPU
	EndGlobalSection
	GlobalSection(SolutionProperties) = preSolution
		HideSolutionNode = FALSE
	EndGlobalSection
	GlobalSection(ExtensibilityGlobals) = postSolution
		SolutionGuid = {EB91E833-65A3-4448-BBC8-48F62757B271}
	EndGlobalSection
EndGlobal
